github.com/antonfisher/nested-logrus-formatter v1.3.0 h1:8zixYquU1Odk+vzAaAQPAdRh1ZjmUXNQ1T+dUBvlhVo=
github.com/antonfisher/nested-logrus-formatter v1.3.0/go.mod h1:6WTfyWFkBc9+zyBaKIqRrg/KwMqBbodBjgbHjDz7zjA=
github.com/davecgh/go-spew v1.1.1 h1:vj9j/u1bqnvCEfJOwUhtlOARqs3+rkHYY13jYWTU97c=
github.com/davecgh/go-spew v1.1.1/go.mod h1:J7Y8YcW2NihsgmVo/mv3lAwl/skON4iLHjSsI+c5H38=
github.com/dgrijalva/jwt-go v3.2.0+incompatible h1:7qlOGliEKZXTDg6OTjfoBKDXWrumCAMpl/TFQ4/5kLM=
github.com/dgrijalva/jwt-go v3.2.0+incompatible/go.mod h1:E3ru+11k8xSBh+hMPgOLZmtrrCbhqsmaPHjLKYnJCaQ=
github.com/google/uuid v1.1.2 h1:EVhdT+1Kseyi1/pUmXKaFxYsDNy9RQYkMWRH68J/W7Y=
github.com/google/uuid v1.1.2/go.mod h1:TIyPZe4MgqvfeYDBFedMoGGpEw/LqOeaOT+nhxU+yHo=
github.com/kardianos/service v1.1.0 h1:QV2SiEeWK42P0aEmGcsAgjApw/lRxkwopvT+Gu6t1/0=
github.com/kardianos/service v1.1.0/go.mod h1:RrJI2xn5vve/r32U5suTbeaSGoMU6GbNPoj36CVYcHc=
github.com/pmezard/go-difflib v1.0.0 h1:4DBwDE0NGyQoBHbLQYPwSUPoCMWR5BEzIk/f1lZbAQM=
github.com/pmezard/go-difflib v1.0.0/go.mod h1:iKH77koFhYxTK1pcRnkKkqfTogsbg7gZNVY4sRDYZ/4=
github.com/sirupsen/logrus v1.7.0 h1:ShrD1U9pZB12TX0cVy0DtePoCH97K8EtX+mg7ZARUtM=
github.com/sirupsen/logrus v1.7.0/go.mod h1:yWOB1SBYBC5VeMP7gHvWumXLIWorT60ONWic61uBYv0=
github.com/streadway/amqp v1.0.0 h1:kuuDrUJFZL1QYL9hUNuCxNObNzB0bV/ZG5jV3RWAQgo=
github.com/streadway/amqp v1.0.0/go.mod h1:AZpEONHx3DKn8O/DFsRAY58/XVQiIPMTMB1SddzLXVw=
github.com/stretchr/testify v1.2.2 h1:bSDNvY7ZPG5RlJ8otE/7V6gMiyenm9RtJ7IUVIAoJ1w=
github.com/stretchr/testify v1.2.2/go.mod h1:a8OnRcib4nhh0OaRAV+Yts87kKdq0PP7pXfy6kDkUVs=
github.com/tktip/cfger v0.0.0-20201002114552-9be0c6d6b3ea h1:YCdM6yMJsDk7RmxIc6SQJXwHMWiIbQ48KH8+xGUVCdI=
github.com/tktip/cfger v0.0.0-20201002114552-9be0c6d6b3ea/go.mod h1:TV9fbUiYh46KzgULu8J3E+Y7AlmBRVQEU8TBMUk8DY8=
github.com/tktip/maskinporten v0.0.0-20201005101538-47a8c80110ab h1:wQnBegldillGfOlgbM87ANuWwYcNZNRa2ZvkHYirgBk=
github.com/tktip/maskinporten v0.0.0-20201005101538-47a8c80110ab/go.mod h1:rrxB7KW6QrKzv1GbRE8YgwLrWVBKXwV3kvXPcaa13YA=
github.com/tktip/pkcs7 v0.0.0-20201002141110-fa490ae3a2f5 h1:QcJMkPsnI8RAhtphcI8BSDaB72DGI4IwdVtMD/kcAtg=
github.com/tktip/pkcs7 v0.0.0-20201002141110-fa490ae3a2f5/go.mod h1:/PYfkk44VAr6nBwkqE9byAmpdBiCiBKqPeT9//CcBxw=
github.com/tktip/windows v0.0.0-20201020105913-62ed9d65ae4b h1:PTlc8DfZ0XmIw2tF4lOfFaWZYPX5iCFlivpur7hj6KM=
github.com/tktip/windows v0.0.0-20201020105913-62ed9d65ae4b/go.mod h1:nL9TpnFTVpgUZsJnbiMVBZVtZhUeUwgK2CRXdSXAwnc=
github.com/tktip/windows v0.0.0-20201021082657-54e521a7e144 h1:ihYV3z2ci54vq1PQmwyeO4+Ija401+zs+PFj/K64OBw=
github.com/tktip/windows v0.0.0-20201021082657-54e521a7e144/go.mod h1:nL9TpnFTVpgUZsJnbiMVBZVtZhUeUwgK2CRXdSXAwnc=
golang.org/x/sys v0.0.0-20190204203706-41f3e6584952/go.mod h1:STP8DvDyc/dI5b8T5hshtkjS+E42TnysNCUPdjciGhY=
golang.org/x/sys v0.0.0-20191026070338-33540a1f6037 h1:YyJpGZS1sBuBCzLAR1VEpK193GlqGZbnPFnPV/5Rsb4=
golang.org/x/sys v0.0.0-20191026070338-33540a1f6037/go.mod h1:h1NjWce9XRLGQEsW7wpKNCjG9DtNlClVuFLEZdDNbEs=
gopkg.in/check.v1 v0.0.0-20161208181325-20d25e280405 h1:yhCVgyC4o1eVCa2tZl7eS0r+SDo693bJlVdllGtEeKM=
gopkg.in/check.v1 v0.0.0-20161208181325-20d25e280405/go.mod h1:Co6ibVJAznAaIkqp8huTwlJQCZ016jof/cbN4VW5Yz0=
gopkg.in/yaml.v3 v3.0.0-20200121175148-a6ecf24a6d71 h1:Xe2gvTZUJpsvOWUnvmL/tmhVBZUmHSvLbMjRj6NUUKo=
gopkg.in/yaml.v3 v3.0.0-20200121175148-a6ecf24a6d71/go.mod h1:K4uyk7z7BCEPqu6E+C64Yfv1cQ7kz7rIZviUmN+EgEM=
